PODS:
  - Hyperdrive (0.1.0):
    - Representor (~> 0.4.0)
    - URITemplate (~> 1.2)
  - Representor (0.4.0):
    - Representor/Core (= 0.4.0)
    - Representor/HTTP (= 0.4.0)
  - Representor/Core (0.4.0)
  - Representor/HTTP (0.4.0):
    - Representor/HTTP/Adapters (= 0.4.0)
    - Representor/HTTP/Deserialization (= 0.4.0)
    - Representor/HTTP/Transition (= 0.4.0)
  - Representor/HTTP/Adapters (0.4.0):
    - Representor/HTTP/Adapters/APIBlueprint (= 0.4.0)
    - Representor/HTTP/Adapters/HAL (= 0.4.0)
    - Representor/HTTP/Adapters/Siren (= 0.4.0)
  - Representor/HTTP/Adapters/APIBlueprint (0.4.0):
    - Representor/HTTP/Transition
  - Representor/HTTP/Adapters/HAL (0.4.0):
    - Representor/HTTP/Transition
  - Representor/HTTP/Adapters/Siren (0.4.0):
    - Representor/HTTP/Transition
  - Representor/HTTP/Deserialization (0.4.0):
    - Representor/HTTP/Adapters/HAL
    - Representor/HTTP/Adapters/Siren
    - Representor/HTTP/Transition
  - Representor/HTTP/Transition (0.4.0):
    - Representor/Core
  - SVProgressHUD (1.1.3)
  - URITemplate (1.2.0)

DEPENDENCIES:
  - Hyperdrive (from `https://github.com/kylef/Hyperdrive`)
  - SVProgressHUD

EXTERNAL SOURCES:
  Hyperdrive:
    :git: https://github.com/kylef/Hyperdrive

CHECKOUT OPTIONS:
  Hyperdrive:
    :commit: 28f874825953ed64037b8418c9bf29903f48e36b
    :git: https://github.com/kylef/Hyperdrive

SPEC CHECKSUMS:
  Hyperdrive: fcc41881e6331c75837adbe62e9114b42f7215f7
  Representor: 6f0e294e31e12e9f17015bcfc8db443ada00918a
  SVProgressHUD: 748080e4f36e603f6c02aec292664239df5279c1
  URITemplate: 0dbf40f0e378eb9c6d04cc08e6101fb82d126dc3

COCOAPODS: 0.36.3
